
Microsoft Visual Studio Solution File, Format Version 12.00
# Visual Studio Version 16
VisualStudioVersion = 16.0.31702.126
MinimumVisualStudioVersion = 10.0.40219.1
Project("{FAE04EC0-301F-11D3-BF4B-00C04F79EFBC}") = "ClassAssingments", "ClassAssignments\ClassAssingments.csproj", "{8860F313-7AAA-45C3-9391-B92E621ABCC0}"
EndProject
Project("{FAE04EC0-301F-11D3-BF4B-00C04F79EFBC}") = "WarmUpAssignment1", "Assignment1\WarmUpAssignment1.csproj", "{760F466F-4429-471F-B51D-B62F95D4C703}"
EndProject
Project("{FAE04EC0-301F-11D3-BF4B-00C04F79EFBC}") = "WarmUpAssignment2", "Assignment2\WarmUpAssignment2.csproj", "{C045C37F-DBE6-450D-BD30-F14C4221F8EF}"
EndProject
Global
	GlobalSection(SolutionConfigurationPlatforms) = preSolution
		Debug|Any CPU = Debug|Any CPU
		Release|Any CPU = Release|Any CPU
	EndGlobalSection
	GlobalSection(ProjectConfigurationPlatforms) = postSolution
		{8860F313-7AAA-45C3-9391-B92E621ABCC0}.Debug|Any CPU.ActiveCfg = Debug|Any CPU
		{8860F313-7AAA-45C3-9391-B92E621ABCC0}.Debug|Any CPU.Build.0 = Debug|Any CPU
		{8860F313-7AAA-45C3-9391-B92E621ABCC0}.Release|Any CPU.ActiveCfg = Release|Any CPU
		{8860F313-7AAA-45C3-9391-B92E621ABCC0}.Release|Any CPU.Build.0 = Release|Any CPU
		{760F466F-4429-471F-B51D-B62F95D4C703}.Debug|Any CPU.ActiveCfg = Debug|Any CPU
		{760F466F-4429-471F-B51D-B62F95D4C703}.Debug|Any CPU.Build.0 = Debug|Any CPU
		{760F466F-4429-471F-B51D-B62F95D4C703}.Release|Any CPU.ActiveCfg = Release|Any CPU
		{760F466F-4429-471F-B51D-B62F95D4C703}.Release|Any CPU.Build.0 = Release|Any CPU
		{C045C37F-DBE6-450D-BD30-F14C4221F8EF}.Debug|Any CPU.ActiveCfg = Debug|Any CPU
		{C045C37F-DBE6-450D-BD30-F14C4221F8EF}.Debug|Any CPU.Build.0 = Debug|Any CPU
		{C045C37F-DBE6-450D-BD30-F14C4221F8EF}.Release|Any CPU.ActiveCfg = Release|Any CPU
		{C045C37F-DBE6-450D-BD30-F14C4221F8EF}.Release|Any CPU.Build.0 = Release|Any CPU
	EndGlobalSection
	GlobalSection(SolutionProperties) = preSolution
		HideSolutionNode = FALSE
	EndGlobalSection
	GlobalSection(ExtensibilityGlobals) = postSolution
		SolutionGuid = {49461BB2-CAA2-4DBA-A26D-809D15BD0331}
	EndGlobalSection
EndGlobal
